
Microsoft Visual Studio Solution File, Format Version 12.00
# Visual Studio Version 17
VisualStudioVersion = 17.11.35222.181
MinimumVisualStudioVersion = 10.0.40219.1
Project("{FAE04EC0-301F-11D3-BF4B-00C04F79EFBC}") = "GwiNews.Domain", "GwiNews.Domain\GwiNews.Domain.csproj", "{73FB5C12-87A1-4A45-9FC5-09D20D761549}"
EndProject
Project("{FAE04EC0-301F-11D3-BF4B-00C04F79EFBC}") = "GwiNews.Infra.Data", "GwiNews.Infra.Data\GwiNews.Infra.Data.csproj", "{312B318E-B855-4829-B669-B089E8E0C16E}"
EndProject
Project("{FAE04EC0-301F-11D3-BF4B-00C04F79EFBC}") = "GwiNews.Infra.IoC", "GwiNews.Infra.IoC\GwiNews.Infra.IoC.csproj", "{60FE0930-1EFB-49ED-B841-5E58056E0557}"
EndProject
Project("{FAE04EC0-301F-11D3-BF4B-00C04F79EFBC}") = "GwiNews.Domain.Test", "GwiNews.Domain.Test\GwiNews.Domain.Test.csproj", "{102B184E-43F2-47D0-8679-BA9A5E96E075}"
EndProject
Project("{FAE04EC0-301F-11D3-BF4B-00C04F79EFBC}") = "GwiNews.API", "GwiNews.API\GwiNews.API.csproj", "{594CE70E-D84D-44E2-A93A-F25D2096F8F7}"
EndProject
Project("{FAE04EC0-301F-11D3-BF4B-00C04F79EFBC}") = "GwiNews.Application", "GwiNews.Application\GwiNews.Application.csproj", "{DE89BC91-D115-48BF-A82A-A312818B3005}"
EndProject
Global
	GlobalSection(SolutionConfigurationPlatforms) = preSolution
		Debug|Any CPU = Debug|Any CPU
		Release|Any CPU = Release|Any CPU
	EndGlobalSection
	GlobalSection(ProjectConfigurationPlatforms) = postSolution
		{73FB5C12-87A1-4A45-9FC5-09D20D761549}.Debug|Any CPU.ActiveCfg = Debug|Any CPU
		{73FB5C12-87A1-4A45-9FC5-09D20D761549}.Debug|Any CPU.Build.0 = Debug|Any CPU
		{73FB5C12-87A1-4A45-9FC5-09D20D761549}.Release|Any CPU.ActiveCfg = Release|Any CPU
		{73FB5C12-87A1-4A45-9FC5-09D20D761549}.Release|Any CPU.Build.0 = Release|Any CPU
		{312B318E-B855-4829-B669-B089E8E0C16E}.Debug|Any CPU.ActiveCfg = Debug|Any CPU
		{312B318E-B855-4829-B669-B089E8E0C16E}.Debug|Any CPU.Build.0 = Debug|Any CPU
		{312B318E-B855-4829-B669-B089E8E0C16E}.Release|Any CPU.ActiveCfg = Release|Any CPU
		{312B318E-B855-4829-B669-B089E8E0C16E}.Release|Any CPU.Build.0 = Release|Any CPU
		{60FE0930-1EFB-49ED-B841-5E58056E0557}.Debug|Any CPU.ActiveCfg = Debug|Any CPU
		{60FE0930-1EFB-49ED-B841-5E58056E0557}.Debug|Any CPU.Build.0 = Debug|Any CPU
		{60FE0930-1EFB-49ED-B841-5E58056E0557}.Release|Any CPU.ActiveCfg = Release|Any CPU
		{60FE0930-1EFB-49ED-B841-5E58056E0557}.Release|Any CPU.Build.0 = Release|Any CPU
		{102B184E-43F2-47D0-8679-BA9A5E96E075}.Debug|Any CPU.ActiveCfg = Debug|Any CPU
		{102B184E-43F2-47D0-8679-BA9A5E96E075}.Debug|Any CPU.Build.0 = Debug|Any CPU
		{102B184E-43F2-47D0-8679-BA9A5E96E075}.Release|Any CPU.ActiveCfg = Release|Any CPU
		{102B184E-43F2-47D0-8679-BA9A5E96E075}.Release|Any CPU.Build.0 = Release|Any CPU
		{594CE70E-D84D-44E2-A93A-F25D2096F8F7}.Debug|Any CPU.ActiveCfg = Debug|Any CPU
		{594CE70E-D84D-44E2-A93A-F25D2096F8F7}.Debug|Any CPU.Build.0 = Debug|Any CPU
		{594CE70E-D84D-44E2-A93A-F25D2096F8F7}.Release|Any CPU.ActiveCfg = Release|Any CPU
		{594CE70E-D84D-44E2-A93A-F25D2096F8F7}.Release|Any CPU.Build.0 = Release|Any CPU
		{DE89BC91-D115-48BF-A82A-A312818B3005}.Debug|Any CPU.ActiveCfg = Debug|Any CPU
		{DE89BC91-D115-48BF-A82A-A312818B3005}.Debug|Any CPU.Build.0 = Debug|Any CPU
		{DE89BC91-D115-48BF-A82A-A312818B3005}.Release|Any CPU.ActiveCfg = Release|Any CPU
		{DE89BC91-D115-48BF-A82A-A312818B3005}.Release|Any CPU.Build.0 = Release|Any CPU
	EndGlobalSection
	GlobalSection(SolutionProperties) = preSolution
		HideSolutionNode = FALSE
	EndGlobalSection
	GlobalSection(ExtensibilityGlobals) = postSolution
		SolutionGuid = {30DC8373-3C6E-4AFE-ABD4-8F3F8454E533}
	EndGlobalSection
EndGlobal
